
Microsoft Visual Studio Solution File, Format Version 12.00
# Visual Studio 2012
Project("{FAE04EC0-301F-11D3-BF4B-00C04F79EFBC}") = "ViewWorld.Web", "ViewWorld.Web.csproj", "{B934DA75-CF8B-4FFE-B080-0257C44C6309}"
EndProject
Global
	GlobalSection(SolutionConfigurationPlatforms) = preSolution
		Debug|Any CPU = Debug|Any CPU
		Release|Any CPU = Release|Any CPU
	EndGlobalSection
	GlobalSection(ProjectConfigurationPlatforms) = postSolution
		{B934DA75-CF8B-4FFE-B080-0257C44C6309}.Debug|Any CPU.ActiveCfg = Debug|Any CPU
		{B934DA75-CF8B-4FFE-B080-0257C44C6309}.Debug|Any CPU.Build.0 = Debug|Any CPU
		{B934DA75-CF8B-4FFE-B080-0257C44C6309}.Release|Any CPU.ActiveCfg = Release|Any CPU
		{B934DA75-CF8B-4FFE-B080-0257C44C6309}.Release|Any CPU.Build.0 = Release|Any CPU
	EndGlobalSection
EndGlobal
